
Microsoft Visual Studio Solution File, Format Version 12.00
# Visual Studio Version 16
VisualStudioVersion = 16.0.31129.286
MinimumVisualStudioVersion = 10.0.40219.1
Project("{FAE04EC0-301F-11D3-BF4B-00C04F79EFBC}") = "JotunnExampleMod", "JotunnExampleMod\JotunnExampleMod.csproj", "{DA580679-4E52-41FD-BD46-D0919D9A3E57}"
EndProject
Global
	GlobalSection(SolutionConfigurationPlatforms) = preSolution
		Debug|Any CPU = Debug|Any CPU
		Release|Any CPU = Release|Any CPU
	EndGlobalSection
	GlobalSection(ProjectConfigurationPlatforms) = postSolution
		{DA580679-4E52-41FD-BD46-D0919D9A3E57}.Debug|Any CPU.ActiveCfg = Debug|Any CPU
		{DA580679-4E52-41FD-BD46-D0919D9A3E57}.Debug|Any CPU.Build.0 = Debug|Any CPU
		{DA580679-4E52-41FD-BD46-D0919D9A3E57}.Release|Any CPU.ActiveCfg = Release|Any CPU
		{DA580679-4E52-41FD-BD46-D0919D9A3E57}.Release|Any CPU.Build.0 = Release|Any CPU
	EndGlobalSection
	GlobalSection(SolutionProperties) = preSolution
		HideSolutionNode = FALSE
	EndGlobalSection
	GlobalSection(ExtensibilityGlobals) = postSolution
		SolutionGuid = {378D3FB4-7829-4A83-A523-DAF38625CEB8}
	EndGlobalSection
EndGlobal
